
Microsoft Visual Studio Solution File, Format Version 12.00
# Visual Studio Version 16
VisualStudioVersion = 16.0.29920.165
MinimumVisualStudioVersion = 10.0.40219.1
Project("{9A19103F-16F7-4668-BE54-9A1E7A4F7556}") = "CodeTestery.Tests", "CodeTestery.Tests\CodeTestery.Tests.csproj", "{AD17BEF8-21C8-48FE-8113-CDEF4D20F569}"
EndProject
Project("{9A19103F-16F7-4668-BE54-9A1E7A4F7556}") = "WordFinder", "WordFinder\WordFinder.csproj", "{24A0BF97-17ED-4368-BFDC-3D31C815678F}"
EndProject
Project("{9A19103F-16F7-4668-BE54-9A1E7A4F7556}") = "WordCalc", "WordCalc\WordCalc.csproj", "{70F64DCE-1D51-4EE0-95DE-890967D08C1A}"
EndProject
Project("{9A19103F-16F7-4668-BE54-9A1E7A4F7556}") = "HTMLAnalyzer", "HTMLAnalyzer\HTMLAnalyzer.csproj", "{17ED2EE5-87F2-454A-9EE1-E115DF84180B}"
EndProject
Project("{FAE04EC0-301F-11D3-BF4B-00C04F79EFBC}") = "Playground4.5", "Playground\Playground4.5.csproj", "{09347C93-05C2-4D36-B6A6-2121521F214A}"
EndProject
Global
	GlobalSection(SolutionConfigurationPlatforms) = preSolution
		Debug|Any CPU = Debug|Any CPU
		Debug|ARM = Debug|ARM
		Debug|ARM64 = Debug|ARM64
		Debug|x64 = Debug|x64
		Debug|x86 = Debug|x86
		Release|Any CPU = Release|Any CPU
		Release|ARM = Release|ARM
		Release|ARM64 = Release|ARM64
		Release|x64 = Release|x64
		Release|x86 = Release|x86
	EndGlobalSection
	GlobalSection(ProjectConfigurationPlatforms) = postSolution
		{AD17BEF8-21C8-48FE-8113-CDEF4D20F569}.Debug|Any CPU.ActiveCfg = Debug|Any CPU
		{AD17BEF8-21C8-48FE-8113-CDEF4D20F569}.Debug|Any CPU.Build.0 = Debug|Any CPU
		{AD17BEF8-21C8-48FE-8113-CDEF4D20F569}.Debug|ARM.ActiveCfg = Debug|Any CPU
		{AD17BEF8-21C8-48FE-8113-CDEF4D20F569}.Debug|ARM.Build.0 = Debug|Any CPU
		{AD17BEF8-21C8-48FE-8113-CDEF4D20F569}.Debug|ARM64.ActiveCfg = Debug|Any CPU
		{AD17BEF8-21C8-48FE-8113-CDEF4D20F569}.Debug|ARM64.Build.0 = Debug|Any CPU
		{AD17BEF8-21C8-48FE-8113-CDEF4D20F569}.Debug|x64.ActiveCfg = Debug|Any CPU
		{AD17BEF8-21C8-48FE-8113-CDEF4D20F569}.Debug|x64.Build.0 = Debug|Any CPU
		{AD17BEF8-21C8-48FE-8113-CDEF4D20F569}.Debug|x86.ActiveCfg = Debug|Any CPU
		{AD17BEF8-21C8-48FE-8113-CDEF4D20F569}.Debug|x86.Build.0 = Debug|Any CPU
		{AD17BEF8-21C8-48FE-8113-CDEF4D20F569}.Release|Any CPU.ActiveCfg = Release|Any CPU
		{AD17BEF8-21C8-48FE-8113-CDEF4D20F569}.Release|Any CPU.Build.0 = Release|Any CPU
		{AD17BEF8-21C8-48FE-8113-CDEF4D20F569}.Release|ARM.ActiveCfg = Release|Any CPU
		{AD17BEF8-21C8-48FE-8113-CDEF4D20F569}.Release|ARM.Build.0 = Release|Any CPU
		{AD17BEF8-21C8-48FE-8113-CDEF4D20F569}.Release|ARM64.ActiveCfg = Release|Any CPU
		{AD17BEF8-21C8-48FE-8113-CDEF4D20F569}.Release|ARM64.Build.0 = Release|Any CPU
		{AD17BEF8-21C8-48FE-8113-CDEF4D20F569}.Release|x64.ActiveCfg = Release|Any CPU
		{AD17BEF8-21C8-48FE-8113-CDEF4D20F569}.Release|x64.Build.0 = Release|Any CPU
		{AD17BEF8-21C8-48FE-8113-CDEF4D20F569}.Release|x86.ActiveCfg = Release|Any CPU
		{AD17BEF8-21C8-48FE-8113-CDEF4D20F569}.Release|x86.Build.0 = Release|Any CPU
		{24A0BF97-17ED-4368-BFDC-3D31C815678F}.Debug|Any CPU.ActiveCfg = Debug|Any CPU
		{24A0BF97-17ED-4368-BFDC-3D31C815678F}.Debug|Any CPU.Build.0 = Debug|Any CPU
		{24A0BF97-17ED-4368-BFDC-3D31C815678F}.Debug|ARM.ActiveCfg = Debug|Any CPU
		{24A0BF97-17ED-4368-BFDC-3D31C815678F}.Debug|ARM.Build.0 = Debug|Any CPU
		{24A0BF97-17ED-4368-BFDC-3D31C815678F}.Debug|ARM64.ActiveCfg = Debug|Any CPU
		{24A0BF97-17ED-4368-BFDC-3D31C815678F}.Debug|ARM64.Build.0 = Debug|Any CPU
		{24A0BF97-17ED-4368-BFDC-3D31C815678F}.Debug|x64.ActiveCfg = Debug|Any CPU
		{24A0BF97-17ED-4368-BFDC-3D31C815678F}.Debug|x64.Build.0 = Debug|Any CPU
		{24A0BF97-17ED-4368-BFDC-3D31C815678F}.Debug|x86.ActiveCfg = Debug|Any CPU
		{24A0BF97-17ED-4368-BFDC-3D31C815678F}.Debug|x86.Build.0 = Debug|Any CPU
		{24A0BF97-17ED-4368-BFDC-3D31C815678F}.Release|Any CPU.ActiveCfg = Release|Any CPU
		{24A0BF97-17ED-4368-BFDC-3D31C815678F}.Release|Any CPU.Build.0 = Release|Any CPU
		{24A0BF97-17ED-4368-BFDC-3D31C815678F}.Release|ARM.ActiveCfg = Release|Any CPU
		{24A0BF97-17ED-4368-BFDC-3D31C815678F}.Release|ARM.Build.0 = Release|Any CPU
		{24A0BF97-17ED-4368-BFDC-3D31C815678F}.Release|ARM64.ActiveCfg = Release|Any CPU
		{24A0BF97-17ED-4368-BFDC-3D31C815678F}.Release|ARM64.Build.0 = Release|Any CPU
		{24A0BF97-17ED-4368-BFDC-3D31C815678F}.Release|x64.ActiveCfg = Release|Any CPU
		{24A0BF97-17ED-4368-BFDC-3D31C815678F}.Release|x64.Build.0 = Release|Any CPU
		{24A0BF97-17ED-4368-BFDC-3D31C815678F}.Release|x86.ActiveCfg = Release|Any CPU
		{24A0BF97-17ED-4368-BFDC-3D31C815678F}.Release|x86.Build.0 = Release|Any CPU
		{70F64DCE-1D51-4EE0-95DE-890967D08C1A}.Debug|Any CPU.ActiveCfg = Debug|Any CPU
		{70F64DCE-1D51-4EE0-95DE-890967D08C1A}.Debug|Any CPU.Build.0 = Debug|Any CPU
		{70F64DCE-1D51-4EE0-95DE-890967D08C1A}.Debug|ARM.ActiveCfg = Debug|Any CPU
		{70F64DCE-1D51-4EE0-95DE-890967D08C1A}.Debug|ARM.Build.0 = Debug|Any CPU
		{70F64DCE-1D51-4EE0-95DE-890967D08C1A}.Debug|ARM64.ActiveCfg = Debug|Any CPU
		{70F64DCE-1D51-4EE0-95DE-890967D08C1A}.Debug|ARM64.Build.0 = Debug|Any CPU
		{70F64DCE-1D51-4EE0-95DE-890967D08C1A}.Debug|x64.ActiveCfg = Debug|Any CPU
		{70F64DCE-1D51-4EE0-95DE-890967D08C1A}.Debug|x64.Build.0 = Debug|Any CPU
		{70F64DCE-1D51-4EE0-95DE-890967D08C1A}.Debug|x86.ActiveCfg = Debug|Any CPU
		{70F64DCE-1D51-4EE0-95DE-890967D08C1A}.Debug|x86.Build.0 = Debug|Any CPU
		{70F64DCE-1D51-4EE0-95DE-890967D08C1A}.Release|Any CPU.ActiveCfg = Release|Any CPU
		{70F64DCE-1D51-4EE0-95DE-890967D08C1A}.Release|Any CPU.Build.0 = Release|Any CPU
		{70F64DCE-1D51-4EE0-95DE-890967D08C1A}.Release|ARM.ActiveCfg = Release|Any CPU
		{70F64DCE-1D51-4EE0-95DE-890967D08C1A}.Release|ARM.Build.0 = Release|Any CPU
		{70F64DCE-1D51-4EE0-95DE-890967D08C1A}.Release|ARM64.ActiveCfg = Release|Any CPU
		{70F64DCE-1D51-4EE0-95DE-890967D08C1A}.Release|ARM64.Build.0 = Release|Any CPU
		{70F64DCE-1D51-4EE0-95DE-890967D08C1A}.Release|x64.ActiveCfg = Release|Any CPU
		{70F64DCE-1D51-4EE0-95DE-890967D08C1A}.Release|x64.Build.0 = Release|Any CPU
		{70F64DCE-1D51-4EE0-95DE-890967D08C1A}.Release|x86.ActiveCfg = Release|Any CPU
		{70F64DCE-1D51-4EE0-95DE-890967D08C1A}.Release|x86.Build.0 = Release|Any CPU
		{17ED2EE5-87F2-454A-9EE1-E115DF84180B}.Debug|Any CPU.ActiveCfg = Debug|Any CPU
		{17ED2EE5-87F2-454A-9EE1-E115DF84180B}.Debug|Any CPU.Build.0 = Debug|Any CPU
		{17ED2EE5-87F2-454A-9EE1-E115DF84180B}.Debug|ARM.ActiveCfg = Debug|Any CPU
		{17ED2EE5-87F2-454A-9EE1-E115DF84180B}.Debug|ARM.Build.0 = Debug|Any CPU
		{17ED2EE5-87F2-454A-9EE1-E115DF84180B}.Debug|ARM64.ActiveCfg = Debug|Any CPU
		{17ED2EE5-87F2-454A-9EE1-E115DF84180B}.Debug|ARM64.Build.0 = Debug|Any CPU
		{17ED2EE5-87F2-454A-9EE1-E115DF84180B}.Debug|x64.ActiveCfg = Debug|Any CPU
		{17ED2EE5-87F2-454A-9EE1-E115DF84180B}.Debug|x64.Build.0 = Debug|Any CPU
		{17ED2EE5-87F2-454A-9EE1-E115DF84180B}.Debug|x86.ActiveCfg = Debug|Any CPU
		{17ED2EE5-87F2-454A-9EE1-E115DF84180B}.Debug|x86.Build.0 = Debug|Any CPU
		{17ED2EE5-87F2-454A-9EE1-E115DF84180B}.Release|Any CPU.ActiveCfg = Release|Any CPU
		{17ED2EE5-87F2-454A-9EE1-E115DF84180B}.Release|Any CPU.Build.0 = Release|Any CPU
		{17ED2EE5-87F2-454A-9EE1-E115DF84180B}.Release|ARM.ActiveCfg = Release|Any CPU
		{17ED2EE5-87F2-454A-9EE1-E115DF84180B}.Release|ARM.Build.0 = Release|Any CPU
		{17ED2EE5-87F2-454A-9EE1-E115DF84180B}.Release|ARM64.ActiveCfg = Release|Any CPU
		{17ED2EE5-87F2-454A-9EE1-E115DF84180B}.Release|ARM64.Build.0 = Release|Any CPU
		{17ED2EE5-87F2-454A-9EE1-E115DF84180B}.Release|x64.ActiveCfg = Release|Any CPU
		{17ED2EE5-87F2-454A-9EE1-E115DF84180B}.Release|x64.Build.0 = Release|Any CPU
		{17ED2EE5-87F2-454A-9EE1-E115DF84180B}.Release|x86.ActiveCfg = Release|Any CPU
		{17ED2EE5-87F2-454A-9EE1-E115DF84180B}.Release|x86.Build.0 = Release|Any CPU
		{09347C93-05C2-4D36-B6A6-2121521F214A}.Debug|Any CPU.ActiveCfg = Debug|Any CPU
		{09347C93-05C2-4D36-B6A6-2121521F214A}.Debug|Any CPU.Build.0 = Debug|Any CPU
		{09347C93-05C2-4D36-B6A6-2121521F214A}.Debug|ARM.ActiveCfg = Debug|Any CPU
		{09347C93-05C2-4D36-B6A6-2121521F214A}.Debug|ARM.Build.0 = Debug|Any CPU
		{09347C93-05C2-4D36-B6A6-2121521F214A}.Debug|ARM64.ActiveCfg = Debug|Any CPU
		{09347C93-05C2-4D36-B6A6-2121521F214A}.Debug|ARM64.Build.0 = Debug|Any CPU
		{09347C93-05C2-4D36-B6A6-2121521F214A}.Debug|x64.ActiveCfg = Debug|Any CPU
		{09347C93-05C2-4D36-B6A6-2121521F214A}.Debug|x64.Build.0 = Debug|Any CPU
		{09347C93-05C2-4D36-B6A6-2121521F214A}.Debug|x86.ActiveCfg = Debug|Any CPU
		{09347C93-05C2-4D36-B6A6-2121521F214A}.Debug|x86.Build.0 = Debug|Any CPU
		{09347C93-05C2-4D36-B6A6-2121521F214A}.Release|Any CPU.ActiveCfg = Release|Any CPU
		{09347C93-05C2-4D36-B6A6-2121521F214A}.Release|Any CPU.Build.0 = Release|Any CPU
		{09347C93-05C2-4D36-B6A6-2121521F214A}.Release|ARM.ActiveCfg = Release|Any CPU
		{09347C93-05C2-4D36-B6A6-2121521F214A}.Release|ARM.Build.0 = Release|Any CPU
		{09347C93-05C2-4D36-B6A6-2121521F214A}.Release|ARM64.ActiveCfg = Release|Any CPU
		{09347C93-05C2-4D36-B6A6-2121521F214A}.Release|ARM64.Build.0 = Release|Any CPU
		{09347C93-05C2-4D36-B6A6-2121521F214A}.Release|x64.ActiveCfg = Release|Any CPU
		{09347C93-05C2-4D36-B6A6-2121521F214A}.Release|x64.Build.0 = Release|Any CPU
		{09347C93-05C2-4D36-B6A6-2121521F214A}.Release|x86.ActiveCfg = Release|Any CPU
		{09347C93-05C2-4D36-B6A6-2121521F214A}.Release|x86.Build.0 = Release|Any CPU
	EndGlobalSection
	GlobalSection(SolutionProperties) = preSolution
		HideSolutionNode = FALSE
	EndGlobalSection
	GlobalSection(ExtensibilityGlobals) = postSolution
		SolutionGuid = {3F25DA36-B672-402C-A6A5-20C49A40AA13}
	EndGlobalSection
EndGlobal
